# This file is automatically @generated by Cargo.
# It is not intended for manual editing.
version = 3

[[package]]
name = "array_type"
version = "0.1.0"

[[package]]
name = "boolean_types"
version = "0.1.0"

[[package]]
name = "character_type"
version = "0.1.0"

[[package]]
name = "compound_types"
version = "0.1.0"

[[package]]
name = "floating_point"
version = "0.1.0"

[[package]]
name = "fn_statements_expressions"
version = "0.1.0"

[[package]]
name = "functions"
version = "0.1.0"

[[package]]
name = "functions_mult_parameters"
version = "0.1.0"

[[package]]
name = "functions_parameters"
version = "0.1.0"

[[package]]
name = "functions_return"
version = "0.1.0"

[[package]]
name = "hello_cargo"
version = "0.1.0"

[[package]]
name = "if_expressions"
version = "0.1.0"

[[package]]
name = "rustprojects"
version = "0.1.0"

[[package]]
name = "variables"
version = "0.1.0"

[[package]]
name = "variables_shadowing"
version = "0.1.0"
